
Microsoft Visual Studio Solution File, Format Version 12.00
# Visual Studio Version 16
VisualStudioVersion = 16.0.29306.81
MinimumVisualStudioVersion = 10.0.40219.1
Project("{FAE04EC0-301F-11D3-BF4B-00C04F79EFBC}") = "Time", "Time\Time.csproj", "{A1CCC037-6B89-4373-B61B-B6664D08318B}"
EndProject
Global
	GlobalSection(SolutionConfigurationPlatforms) = preSolution
		Debug|Any CPU = Debug|Any CPU
		Release|Any CPU = Release|Any CPU
	EndGlobalSection
	GlobalSection(ProjectConfigurationPlatforms) = postSolution
		{A1CCC037-6B89-4373-B61B-B6664D08318B}.Debug|Any CPU.ActiveCfg = Debug|Any CPU
		{A1CCC037-6B89-4373-B61B-B6664D08318B}.Debug|Any CPU.Build.0 = Debug|Any CPU
		{A1CCC037-6B89-4373-B61B-B6664D08318B}.Release|Any CPU.ActiveCfg = Release|Any CPU
		{A1CCC037-6B89-4373-B61B-B6664D08318B}.Release|Any CPU.Build.0 = Release|Any CPU
	EndGlobalSection
	GlobalSection(SolutionProperties) = preSolution
		HideSolutionNode = FALSE
	EndGlobalSection
	GlobalSection(ExtensibilityGlobals) = postSolution
		SolutionGuid = {A6E324B7-4176-45AE-AEE7-15F544D4B8E1}
	EndGlobalSection
EndGlobal
